// !$*UTF8*$!
{
	archiveVersion = 1;
	classes = {
	};
	objectVersion = 50;
	objects = {

/* Begin PBXBuildFile section */
		9E0BABC4238D12C20081D08F /* AppDelegate.swift in Sources */ = {isa = PBXBuildFile; fileRef = 9E0BABC3238D12C20081D08F /* AppDelegate.swift */; };
		9E0BABC6238D12C20081D08F /* ViewControllerGame.swift in Sources */ = {isa = PBXBuildFile; fileRef = 9E0BABC5238D12C20081D08F /* ViewControllerGame.swift */; };
		9E0BABC8238D12C20081D08F /* Assets.xcassets in Resources */ = {isa = PBXBuildFile; fileRef = 9E0BABC7238D12C20081D08F /* Assets.xcassets */; };
		9E0BABCB238D12C20081D08F /* Main.storyboard in Resources */ = {isa = PBXBuildFile; fileRef = 9E0BABC9238D12C20081D08F /* Main.storyboard */; };
		9E0BABD7238D12C20081D08F /* GameBattleship_StoryboardTests.swift in Sources */ = {isa = PBXBuildFile; fileRef = 9E0BABD6238D12C20081D08F /* GameBattleship_StoryboardTests.swift */; };
		9E0BABE2238D12C20081D08F /* GameBattleship_StoryboardUITests.swift in Sources */ = {isa = PBXBuildFile; fileRef = 9E0BABE1238D12C20081D08F /* GameBattleship_StoryboardUITests.swift */; };
		9E0BABF2238D1AAF0081D08F /* View_Board.swift in Sources */ = {isa = PBXBuildFile; fileRef = 9E0BABF1238D1AAF0081D08F /* View_Board.swift */; };
		9E0BAC10238D26560081D08F /* OldMain.swift in Sources */ = {isa = PBXBuildFile; fileRef = 9E0BAC0C238D26560081D08F /* OldMain.swift */; };
		9E0BAC11238D26560081D08F /* Board.swift in Sources */ = {isa = PBXBuildFile; fileRef = 9E0BAC0D238D26560081D08F /* Board.swift */; };
		9E0BAC12238D26560081D08F /* GameBattleship.swift in Sources */ = {isa = PBXBuildFile; fileRef = 9E0BAC0E238D26560081D08F /* GameBattleship.swift */; };
		9E0BAC13238D26560081D08F /* Extensions.swift in Sources */ = {isa = PBXBuildFile; fileRef = 9E0BAC0F238D26560081D08F /* Extensions.swift */; };
		9E11B35E23AA105D009B1638 /* ViewControlerNewGame.swift in Sources */ = {isa = PBXBuildFile; fileRef = 9E11B35D23AA105D009B1638 /* ViewControlerNewGame.swift */; };
/* End PBXBuildFile section */

/* Begin PBXContainerItemProxy section */
		9E0BABD3238D12C20081D08F /* PBXContainerItemProxy */ = {
			isa = PBXContainerItemProxy;
			containerPortal = 9E0BABB8238D12C10081D08F /* Project object */;
			proxyType = 1;
			remoteGlobalIDString = 9E0BABBF238D12C10081D08F;
			remoteInfo = GameBattleship_Storyboard;
		};
		9E0BABDE238D12C20081D08F /* PBXContainerItemProxy */ = {
			isa = PBXContainerItemProxy;
			containerPortal = 9E0BABB8238D12C10081D08F /* Project object */;
			proxyType = 1;
			remoteGlobalIDString = 9E0BABBF238D12C10081D08F;
			remoteInfo = GameBattleship_Storyboard;
		};
/* End PBXContainerItemProxy section */

/* Begin PBXFileReference section */
		9E0BABC0238D12C10081D08F /* GameBattleship_Storyboard.app */ = {isa = PBXFileReference; explicitFileType = wrapper.application; includeInIndex = 0; path = GameBattleship_Storyboard.app; sourceTree = BUILT_PRODUCTS_DIR; };
		9E0BABC3238D12C20081D08F /* AppDelegate.swift */ = {isa = PBXFileReference; lastKnownFileType = sourcecode.swift; path = AppDelegate.swift; sourceTree = "<group>"; };
		9E0BABC5238D12C20081D08F /* ViewControllerGame.swift */ = {isa = PBXFileReference; lastKnownFileType = sourcecode.swift; path = ViewControllerGame.swift; sourceTree = "<group>"; };
		9E0BABC7238D12C20081D08F /* Assets.xcassets */ = {isa = PBXFileReference; lastKnownFileType = folder.assetcatalog; path = Assets.xcassets; sourceTree = "<group>"; };
		9E0BABCA238D12C20081D08F /* Base */ = {isa = PBXFileReference; lastKnownFileType = file.storyboard; name = Base; path = Base.lproj/Main.storyboard; sourceTree = "<group>"; };
		9E0BABCC238D12C20081D08F /* Info.plist */ = {isa = PBXFileReference; lastKnownFileType = text.plist.xml; path = Info.plist; sourceTree = "<group>"; };
		9E0BABCD238D12C20081D08F /* GameBattleship_Storyboard.entitlements */ = {isa = PBXFileReference; lastKnownFileType = text.plist.entitlements; path = GameBattleship_Storyboard.entitlements; sourceTree = "<group>"; };
		9E0BABD2238D12C20081D08F /* GameBattleship_StoryboardTests.xctest */ = {isa = PBXFileReference; explicitFileType = wrapper.cfbundle; includeInIndex = 0; path = GameBattleship_StoryboardTests.xctest; sourceTree = BUILT_PRODUCTS_DIR; };
		9E0BABD6238D12C20081D08F /* GameBattleship_StoryboardTests.swift */ = {isa = PBXFileReference; lastKnownFileType = sourcecode.swift; path = GameBattleship_StoryboardTests.swift; sourceTree = "<group>"; };
		9E0BABD8238D12C20081D08F /* Info.plist */ = {isa = PBXFileReference; lastKnownFileType = text.plist.xml; path = Info.plist; sourceTree = "<group>"; };
		9E0BABDD238D12C20081D08F /* GameBattleship_StoryboardUITests.xctest */ = {isa = PBXFileReference; explicitFileType = wrapper.cfbundle; includeInIndex = 0; path = GameBattleship_StoryboardUITests.xctest; sourceTree = BUILT_PRODUCTS_DIR; };
		9E0BABE1238D12C20081D08F /* GameBattleship_StoryboardUITests.swift */ = {isa = PBXFileReference; lastKnownFileType = sourcecode.swift; path = GameBattleship_StoryboardUITests.swift; sourceTree = "<group>"; };
		9E0BABE3238D12C20081D08F /* Info.plist */ = {isa = PBXFileReference; lastKnownFileType = text.plist.xml; path = Info.plist; sourceTree = "<group>"; };
		9E0BABF1238D1AAF0081D08F /* View_Board.swift */ = {isa = PBXFileReference; lastKnownFileType = sourcecode.swift; path = View_Board.swift; sourceTree = "<group>"; };
		9E0BAC0C238D26560081D08F /* OldMain.swift */ = {isa = PBXFileReference; fileEncoding = 4; lastKnownFileType = sourcecode.swift; path = OldMain.swift; sourceTree = "<group>"; };
		9E0BAC0D238D26560081D08F /* Board.swift */ = {isa = PBXFileReference; fileEncoding = 4; lastKnownFileType = sourcecode.swift; path = Board.swift; sourceTree = "<group>"; };
		9E0BAC0E238D26560081D08F /* GameBattleship.swift */ = {isa = PBXFileReference; fileEncoding = 4; lastKnownFileType = sourcecode.swift; path = GameBattleship.swift; sourceTree = "<group>"; };
		9E0BAC0F238D26560081D08F /* Extensions.swift */ = {isa = PBXFileReference; fileEncoding = 4; lastKnownFileType = sourcecode.swift; path = Extensions.swift; sourceTree = "<group>"; };
		9E11B35D23AA105D009B1638 /* ViewControlerNewGame.swift */ = {isa = PBXFileReference; lastKnownFileType = sourcecode.swift; path = ViewControlerNewGame.swift; sourceTree = "<group>"; };
/* End PBXFileReference section */

/* Begin PBXFrameworksBuildPhase section */
		9E0BABBD238D12C10081D08F /* Frameworks */ = {
			isa = PBXFrameworksBuildPhase;
			buildActionMask = 2147483647;
			files = (
			);
			runOnlyForDeploymentPostprocessing = 0;
		};
		9E0BABCF238D12C20081D08F /* Frameworks */ = {
			isa = PBXFrameworksBuildPhase;
			buildActionMask = 2147483647;
			files = (
			);
			runOnlyForDeploymentPostprocessing = 0;
		};
		9E0BABDA238D12C20081D08F /* Frameworks */ = {
			isa = PBXFrameworksBuildPhase;
			buildActionMask = 2147483647;
			files = (
			);
			runOnlyForDeploymentPostprocessing = 0;
		};
/* End PBXFrameworksBuildPhase section */

/* Begin PBXGroup section */
		9E0BABB7238D12C10081D08F = {
			isa = PBXGroup;
			children = (
				9E0BABF3238D23460081D08F /* GaneBattleshpi_Engine */,
				9E0BABC2238D12C10081D08F /* GameBattleship_Storyboard */,
				9E0BABD5238D12C20081D08F /* GameBattleship_StoryboardTests */,
				9E0BABE0238D12C20081D08F /* GameBattleship_StoryboardUITests */,
				9E0BABC1238D12C10081D08F /* Products */,
			);
			sourceTree = "<group>";
		};
		9E0BABC1238D12C10081D08F /* Products */ = {
			isa = PBXGroup;
			children = (
				9E0BABC0238D12C10081D08F /* GameBattleship_Storyboard.app */,
				9E0BABD2238D12C20081D08F /* GameBattleship_StoryboardTests.xctest */,
				9E0BABDD238D12C20081D08F /* GameBattleship_StoryboardUITests.xctest */,
			);
			name = Products;
			sourceTree = "<group>";
		};
		9E0BABC2238D12C10081D08F /* GameBattleship_Storyboard */ = {
			isa = PBXGroup;
			children = (
				9E0BABC3238D12C20081D08F /* AppDelegate.swift */,
				9E0BABC5238D12C20081D08F /* ViewControllerGame.swift */,
				9E0BABC7238D12C20081D08F /* Assets.xcassets */,
				9E0BABC9238D12C20081D08F /* Main.storyboard */,
				9E0BABCC238D12C20081D08F /* Info.plist */,
				9E0BABCD238D12C20081D08F /* GameBattleship_Storyboard.entitlements */,
				9E0BABF1238D1AAF0081D08F /* View_Board.swift */,
				9E11B35D23AA105D009B1638 /* ViewControlerNewGame.swift */,
			);
			path = GameBattleship_Storyboard;
			sourceTree = "<group>";
		};
		9E0BABD5238D12C20081D08F /* GameBattleship_StoryboardTests */ = {
			isa = PBXGroup;
			children = (
				9E0BABD6238D12C20081D08F /* GameBattleship_StoryboardTests.swift */,
				9E0BABD8238D12C20081D08F /* Info.plist */,
			);
			path = GameBattleship_StoryboardTests;
			sourceTree = "<group>";
		};
		9E0BABE0238D12C20081D08F /* GameBattleship_StoryboardUITests */ = {
			isa = PBXGroup;
			children = (
				9E0BABE1238D12C20081D08F /* GameBattleship_StoryboardUITests.swift */,
				9E0BABE3238D12C20081D08F /* Info.plist */,
			);
			path = GameBattleship_StoryboardUITests;
			sourceTree = "<group>";
		};
		9E0BABF3238D23460081D08F /* GaneBattleshpi_Engine */ = {
			isa = PBXGroup;
			children = (
				9E0BAC0D238D26560081D08F /* Board.swift */,
				9E0BAC0F238D26560081D08F /* Extensions.swift */,
				9E0BAC0E238D26560081D08F /* GameBattleship.swift */,
				9E0BAC0C238D26560081D08F /* OldMain.swift */,
			);
			path = GaneBattleshpi_Engine;
			sourceTree = "<group>";
		};
/* End PBXGroup section */

/* Begin PBXNativeTarget section */
		9E0BABBF238D12C10081D08F /* GameBattleship_Storyboard */ = {
			isa = PBXNativeTarget;
			buildConfigurationList = 9E0BABE6238D12C20081D08F /* Build configuration list for PBXNativeTarget "GameBattleship_Storyboard" */;
			buildPhases = (
				9E0BABBC238D12C10081D08F /* Sources */,
				9E0BABBD238D12C10081D08F /* Frameworks */,
				9E0BABBE238D12C10081D08F /* Resources */,
			);
			buildRules = (
			);
			dependencies = (
			);
			name = GameBattleship_Storyboard;
			productName = GameBattleship_Storyboard;
			productReference = 9E0BABC0238D12C10081D08F /* GameBattleship_Storyboard.app */;
			productType = "com.apple.product-type.application";
		};
		9E0BABD1238D12C20081D08F /* GameBattleship_StoryboardTests */ = {
			isa = PBXNativeTarget;
			buildConfigurationList = 9E0BABE9238D12C20081D08F /* Build configuration list for PBXNativeTarget "GameBattleship_StoryboardTests" */;
			buildPhases = (
				9E0BABCE238D12C20081D08F /* Sources */,
				9E0BABCF238D12C20081D08F /* Frameworks */,
				9E0BABD0238D12C20081D08F /* Resources */,
			);
			buildRules = (
			);
			dependencies = (
				9E0BABD4238D12C20081D08F /* PBXTargetDependency */,
			);
			name = GameBattleship_StoryboardTests;
			productName = GameBattleship_StoryboardTests;
			productReference = 9E0BABD2238D12C20081D08F /* GameBattleship_StoryboardTests.xctest */;
			productType = "com.apple.product-type.bundle.unit-test";
		};
		9E0BABDC238D12C20081D08F /* GameBattleship_StoryboardUITests */ = {
			isa = PBXNativeTarget;
			buildConfigurationList = 9E0BABEC238D12C20081D08F /* Build configuration list for PBXNativeTarget "GameBattleship_StoryboardUITests" */;
			buildPhases = (
				9E0BABD9238D12C20081D08F /* Sources */,
				9E0BABDA238D12C20081D08F /* Frameworks */,
				9E0BABDB238D12C20081D08F /* Resources */,
			);
			buildRules = (
			);
			dependencies = (
				9E0BABDF238D12C20081D08F /* PBXTargetDependency */,
			);
			name = GameBattleship_StoryboardUITests;
			productName = GameBattleship_StoryboardUITests;
			productReference = 9E0BABDD238D12C20081D08F /* GameBattleship_StoryboardUITests.xctest */;
			productType = "com.apple.product-type.bundle.ui-testing";
		};
/* End PBXNativeTarget section */

/* Begin PBXProject section */
		9E0BABB8238D12C10081D08F /* Project object */ = {
			isa = PBXProject;
			attributes = {
				LastSwiftUpdateCheck = 1110;
				LastUpgradeCheck = 1120;
				ORGANIZATIONNAME = Sebastian;
				TargetAttributes = {
					9E0BABBF238D12C10081D08F = {
						CreatedOnToolsVersion = 11.1;
					};
					9E0BABD1238D12C20081D08F = {
						CreatedOnToolsVersion = 11.1;
						TestTargetID = 9E0BABBF238D12C10081D08F;
					};
					9E0BABDC238D12C20081D08F = {
						CreatedOnToolsVersion = 11.1;
						TestTargetID = 9E0BABBF238D12C10081D08F;
					};
				};
			};
			buildConfigurationList = 9E0BABBB238D12C10081D08F /* Build configuration list for PBXProject "GameBattleship_Storyboard" */;
			compatibilityVersion = "Xcode 9.3";
			developmentRegion = en;
			hasScannedForEncodings = 0;
			knownRegions = (
				en,
				Base,
			);
			mainGroup = 9E0BABB7238D12C10081D08F;
			productRefGroup = 9E0BABC1238D12C10081D08F /* Products */;
			projectDirPath = "";
			projectRoot = "";
			targets = (
				9E0BABBF238D12C10081D08F /* GameBattleship_Storyboard */,
				9E0BABD1238D12C20081D08F /* GameBattleship_StoryboardTests */,
				9E0BABDC238D12C20081D08F /* GameBattleship_StoryboardUITests */,
			);
		};
/* End PBXProject section */

/* Begin PBXResourcesBuildPhase section */
		9E0BABBE238D12C10081D08F /* Resources */ = {
			isa = PBXResourcesBuildPhase;
			buildActionMask = 2147483647;
			files = (
				9E0BABC8238D12C20081D08F /* Assets.xcassets in Resources */,
				9E0BABCB238D12C20081D08F /* Main.storyboard in Resources */,
			);
			runOnlyForDeploymentPostprocessing = 0;
		};
		9E0BABD0238D12C20081D08F /* Resources */ = {
			isa = PBXResourcesBuildPhase;
			buildActionMask = 2147483647;
			files = (
			);
			runOnlyForDeploymentPostprocessing = 0;
		};
		9E0BABDB238D12C20081D08F /* Resources */ = {
			isa = PBXResourcesBuildPhase;
			buildActionMask = 2147483647;
			files = (
			);
			runOnlyForDeploymentPostprocessing = 0;
		};
/* End PBXResourcesBuildPhase section */

/* Begin PBXSourcesBuildPhase section */
		9E0BABBC238D12C10081D08F /* Sources */ = {
			isa = PBXSourcesBuildPhase;
			buildActionMask = 2147483647;
			files = (
				9E0BABC6238D12C20081D08F /* ViewControllerGame.swift in Sources */,
				9E0BABC4238D12C20081D08F /* AppDelegate.swift in Sources */,
				9E0BAC11238D26560081D08F /* Board.swift in Sources */,
				9E0BAC12238D26560081D08F /* GameBattleship.swift in Sources */,
				9E11B35E23AA105D009B1638 /* ViewControlerNewGame.swift in Sources */,
				9E0BAC10238D26560081D08F /* OldMain.swift in Sources */,
				9E0BABF2238D1AAF0081D08F /* View_Board.swift in Sources */,
				9E0BAC13238D26560081D08F /* Extensions.swift in Sources */,
			);
			runOnlyForDeploymentPostprocessing = 0;
		};
		9E0BABCE238D12C20081D08F /* Sources */ = {
			isa = PBXSourcesBuildPhase;
			buildActionMask = 2147483647;
			files = (
				9E0BABD7238D12C20081D08F /* GameBattleship_StoryboardTests.swift in Sources */,
			);
			runOnlyForDeploymentPostprocessing = 0;
		};
		9E0BABD9238D12C20081D08F /* Sources */ = {
			isa = PBXSourcesBuildPhase;
			buildActionMask = 2147483647;
			files = (
				9E0BABE2238D12C20081D08F /* GameBattleship_StoryboardUITests.swift in Sources */,
			);
			runOnlyForDeploymentPostprocessing = 0;
		};
/* End PBXSourcesBuildPhase section */

/* Begin PBXTargetDependency section */
		9E0BABD4238D12C20081D08F /* PBXTargetDependency */ = {
			isa = PBXTargetDependency;
			target = 9E0BABBF238D12C10081D08F /* GameBattleship_Storyboard */;
			targetProxy = 9E0BABD3238D12C20081D08F /* PBXContainerItemProxy */;
		};
		9E0BABDF238D12C20081D08F /* PBXTargetDependency */ = {
			isa = PBXTargetDependency;
			target = 9E0BABBF238D12C10081D08F /* GameBattleship_Storyboard */;
			targetProxy = 9E0BABDE238D12C20081D08F /* PBXContainerItemProxy */;
		};
/* End PBXTargetDependency section */

/* Begin PBXVariantGroup section */
		9E0BABC9238D12C20081D08F /* Main.storyboard */ = {
			isa = PBXVariantGroup;
			children = (
				9E0BABCA238D12C20081D08F /* Base */,
			);
			name = Main.storyboard;
			sourceTree = "<group>";
		};
/* End PBXVariantGroup section */

/* Begin XCBuildConfiguration section */
		9E0BABE4238D12C20081D08F /* Debug */ = {
			isa = XCBuildConfiguration;
			buildSettings = {
				ALWAYS_SEARCH_USER_PATHS = NO;
				CLANG_ANALYZER_NONNULL = YES;
				CLANG_ANALYZER_NUMBER_OBJECT_CONVERSION = YES_AGGRESSIVE;
				CLANG_CXX_LANGUAGE_STANDARD = "gnu++14";
				CLANG_CXX_LIBRARY = "libc++";
				CLANG_ENABLE_MODULES = YES;
				CLANG_ENABLE_OBJC_ARC = YES;
				CLANG_ENABLE_OBJC_WEAK = YES;
				CLANG_WARN_BLOCK_CAPTURE_AUTORELEASING = YES;
				CLANG_WARN_BOOL_CONVERSION = YES;
				CLANG_WARN_COMMA = YES;
				CLANG_WARN_CONSTANT_CONVERSION = YES;
				CLANG_WARN_DEPRECATED_OBJC_IMPLEMENTATIONS = YES;
				CLANG_WARN_DIRECT_OBJC_ISA_USAGE = YES_ERROR;
				CLANG_WARN_DOCUMENTATION_COMMENTS = YES;
				CLANG_WARN_EMPTY_BODY = YES;
				CLANG_WARN_ENUM_CONVERSION = YES;
				CLANG_WARN_INFINITE_RECURSION = YES;
				CLANG_WARN_INT_CONVERSION = YES;
				CLANG_WARN_NON_LITERAL_NULL_CONVERSION = YES;
				CLANG_WARN_OBJC_IMPLICIT_RETAIN_SELF = YES;
				CLANG_WARN_OBJC_LITERAL_CONVERSION = YES;
				CLANG_WARN_OBJC_ROOT_CLASS = YES_ERROR;
				CLANG_WARN_RANGE_LOOP_ANALYSIS = YES;
				CLANG_WARN_STRICT_PROTOTYPES = YES;
				CLANG_WARN_SUSPICIOUS_MOVE = YES;
				CLANG_WARN_UNGUARDED_AVAILABILITY = YES_AGGRESSIVE;
				CLANG_WARN_UNREACHABLE_CODE = YES;
				CLANG_WARN__DUPLICATE_METHOD_MATCH = YES;
				COPY_PHASE_STRIP = NO;
				DEBUG_INFORMATION_FORMAT = dwarf;
				ENABLE_STRICT_OBJC_MSGSEND = YES;
				ENABLE_TESTABILITY = YES;
				GCC_C_LANGUAGE_STANDARD = gnu11;
				GCC_DYNAMIC_NO_PIC = NO;
				GCC_NO_COMMON_BLOCKS = YES;
				GCC_OPTIMIZATION_LEVEL = 0;
				GCC_PREPROCESSOR_DEFINITIONS = (
					"DEBUG=1",
					"$(inherited)",
				);
				GCC_WARN_64_TO_32_BIT_CONVERSION = YES;
				GCC_WARN_ABOUT_RETURN_TYPE = YES_ERROR;
				GCC_WARN_UNDECLARED_SELECTOR = YES;
				GCC_WARN_UNINITIALIZED_AUTOS = YES_AGGRESSIVE;
				GCC_WARN_UNUSED_FUNCTION = YES;
				GCC_WARN_UNUSED_VARIABLE = YES;
				MACOSX_DEPLOYMENT_TARGET = 10.15;
				MTL_ENABLE_DEBUG_INFO = INCLUDE_SOURCE;
				MTL_FAST_MATH = YES;
				ONLY_ACTIVE_ARCH = YES;
				SDKROOT = macosx;
				SWIFT_ACTIVE_COMPILATION_CONDITIONS = DEBUG;
				SWIFT_OPTIMIZATION_LEVEL = "-Onone";
			};
			name = Debug;
		};
		9E0BABE5238D12C20081D08F /* Release */ = {
			isa = XCBuildConfiguration;
			buildSettings = {
				ALWAYS_SEARCH_USER_PATHS = NO;
				CLANG_ANALYZER_NONNULL = YES;
				CLANG_ANALYZER_NUMBER_OBJECT_CONVERSION = YES_AGGRESSIVE;
				CLANG_CXX_LANGUAGE_STANDARD = "gnu++14";
				CLANG_CXX_LIBRARY = "libc++";
				CLANG_ENABLE_MODULES = YES;
				CLANG_ENABLE_OBJC_ARC = YES;
				CLANG_ENABLE_OBJC_WEAK = YES;
				CLANG_WARN_BLOCK_CAPTURE_AUTORELEASING = YES;
				CLANG_WARN_BOOL_CONVERSION = YES;
				CLANG_WARN_COMMA = YES;
				CLANG_WARN_CONSTANT_CONVERSION = YES;
				CLANG_WARN_DEPRECATED_OBJC_IMPLEMENTATIONS = YES;
				CLANG_WARN_DIRECT_OBJC_ISA_USAGE = YES_ERROR;
				CLANG_WARN_DOCUMENTATION_COMMENTS = YES;
				CLANG_WARN_EMPTY_BODY = YES;
				CLANG_WARN_ENUM_CONVERSION = YES;
				CLANG_WARN_INFINITE_RECURSION = YES;
				CLANG_WARN_INT_CONVERSION = YES;
				CLANG_WARN_NON_LITERAL_NULL_CONVERSION = YES;
				CLANG_WARN_OBJC_IMPLICIT_RETAIN_SELF = YES;
				CLANG_WARN_OBJC_LITERAL_CONVERSION = YES;
				CLANG_WARN_OBJC_ROOT_CLASS = YES_ERROR;
				CLANG_WARN_RANGE_LOOP_ANALYSIS = YES;
				CLANG_WARN_STRICT_PROTOTYPES = YES;
				CLANG_WARN_SUSPICIOUS_MOVE = YES;
				CLANG_WARN_UNGUARDED_AVAILABILITY = YES_AGGRESSIVE;
				CLANG_WARN_UNREACHABLE_CODE = YES;
				CLANG_WARN__DUPLICATE_METHOD_MATCH = YES;
				COPY_PHASE_STRIP = NO;
				DEBUG_INFORMATION_FORMAT = "dwarf-with-dsym";
				ENABLE_NS_ASSERTIONS = NO;
				ENABLE_STRICT_OBJC_MSGSEND = YES;
				GCC_C_LANGUAGE_STANDARD = gnu11;
				GCC_NO_COMMON_BLOCKS = YES;
				GCC_WARN_64_TO_32_BIT_CONVERSION = YES;
				GCC_WARN_ABOUT_RETURN_TYPE = YES_ERROR;
				GCC_WARN_UNDECLARED_SELECTOR = YES;
				GCC_WARN_UNINITIALIZED_AUTOS = YES_AGGRESSIVE;
				GCC_WARN_UNUSED_FUNCTION = YES;
				GCC_WARN_UNUSED_VARIABLE = YES;
				MACOSX_DEPLOYMENT_TARGET = 10.15;
				MTL_ENABLE_DEBUG_INFO = NO;
				MTL_FAST_MATH = YES;
				SDKROOT = macosx;
				SWIFT_COMPILATION_MODE = wholemodule;
				SWIFT_OPTIMIZATION_LEVEL = "-O";
			};
			name = Release;
		};
		9E0BABE7238D12C20081D08F /* Debug */ = {
			isa = XCBuildConfiguration;
			buildSettings = {
				ASSETCATALOG_COMPILER_APPICON_NAME = AppIcon;
				CODE_SIGN_ENTITLEMENTS = GameBattleship_Storyboard/GameBattleship_Storyboard.entitlements;
				CODE_SIGN_IDENTITY = "-";
				CODE_SIGN_STYLE = Automatic;
				COMBINE_HIDPI_IMAGES = YES;
				DEVELOPMENT_TEAM = S5RLMMGU6B;
				ENABLE_HARDENED_RUNTIME = YES;
				INFOPLIST_FILE = GameBattleship_Storyboard/Info.plist;
				LD_RUNPATH_SEARCH_PATHS = (
					"$(inherited)",
					"@executable_path/../Frameworks",
				);
				PRODUCT_BUNDLE_IDENTIFIER = "pl.pl.pl.GameBattleship-Storyboard";
				PRODUCT_NAME = "$(TARGET_NAME)";
				SWIFT_VERSION = 5.0;
			};
			name = Debug;
		};
		9E0BABE8238D12C20081D08F /* Release */ = {
			isa = XCBuildConfiguration;
			buildSettings = {
				ASSETCATALOG_COMPILER_APPICON_NAME = AppIcon;
				CODE_SIGN_ENTITLEMENTS = GameBattleship_Storyboard/GameBattleship_Storyboard.entitlements;
				CODE_SIGN_IDENTITY = "-";
				CODE_SIGN_STYLE = Automatic;
				COMBINE_HIDPI_IMAGES = YES;
				DEVELOPMENT_TEAM = S5RLMMGU6B;
				ENABLE_HARDENED_RUNTIME = YES;
				INFOPLIST_FILE = GameBattleship_Storyboard/Info.plist;
				LD_RUNPATH_SEARCH_PATHS = (
					"$(inherited)",
					"@executable_path/../Frameworks",
				);
				PRODUCT_BUNDLE_IDENTIFIER = "pl.pl.pl.GameBattleship-Storyboard";
				PRODUCT_NAME = "$(TARGET_NAME)";
				SWIFT_VERSION = 5.0;
			};
			name = Release;
		};
		9E0BABEA238D12C20081D08F /* Debug */ = {
			isa = XCBuildConfiguration;
			buildSettings = {
				ALWAYS_EMBED_SWIFT_STANDARD_LIBRARIES = YES;
				BUNDLE_LOADER = "$(TEST_HOST)";
				CODE_SIGN_STYLE = Automatic;
				COMBINE_HIDPI_IMAGES = YES;
				DEVELOPMENT_TEAM = S5RLMMGU6B;
				INFOPLIST_FILE = GameBattleship_StoryboardTests/Info.plist;
				LD_RUNPATH_SEARCH_PATHS = (
					"$(inherited)",
					"@executable_path/../Frameworks",
					"@loader_path/../Frameworks",
				);
				MACOSX_DEPLOYMENT_TARGET = 10.15;
				PRODUCT_BUNDLE_IDENTIFIER = "pl.pl.pl.GameBattleship-StoryboardTests";
				PRODUCT_NAME = "$(TARGET_NAME)";
				SWIFT_VERSION = 5.0;
				TEST_HOST = "$(BUILT_PRODUCTS_DIR)/GameBattleship_Storyboard.app/Contents/MacOS/GameBattleship_Storyboard";
			};
			name = Debug;
		};
		9E0BABEB238D12C20081D08F /* Release */ = {
			isa = XCBuildConfiguration;
			buildSettings = {
				ALWAYS_EMBED_SWIFT_STANDARD_LIBRARIES = YES;
				BUNDLE_LOADER = "$(TEST_HOST)";
				CODE_SIGN_STYLE = Automatic;
				COMBINE_HIDPI_IMAGES = YES;
				DEVELOPMENT_TEAM = S5RLMMGU6B;
				INFOPLIST_FILE = GameBattleship_StoryboardTests/Info.plist;
				LD_RUNPATH_SEARCH_PATHS = (
					"$(inherited)",
					"@executable_path/../Frameworks",
					"@loader_path/../Frameworks",
				);
				MACOSX_DEPLOYMENT_TARGET = 10.15;
				PRODUCT_BUNDLE_IDENTIFIER = "pl.pl.pl.GameBattleship-StoryboardTests";
				PRODUCT_NAME = "$(TARGET_NAME)";
				SWIFT_VERSION = 5.0;
				TEST_HOST = "$(BUILT_PRODUCTS_DIR)/GameBattleship_Storyboard.app/Contents/MacOS/GameBattleship_Storyboard";
			};
			name = Release;
		};
		9E0BABED238D12C20081D08F /* Debug */ = {
			isa = XCBuildConfiguration;
			buildSettings = {
				ALWAYS_EMBED_SWIFT_STANDARD_LIBRARIES = YES;
				CODE_SIGN_STYLE = Automatic;
				COMBINE_HIDPI_IMAGES = YES;
				DEVELOPMENT_TEAM = S5RLMMGU6B;
				INFOPLIST_FILE = GameBattleship_StoryboardUITests/Info.plist;
				LD_RUNPATH_SEARCH_PATHS = (
					"$(inherited)",
					"@executable_path/../Frameworks",
					"@loader_path/../Frameworks",
				);
				PRODUCT_BUNDLE_IDENTIFIER = "pl.pl.pl.GameBattleship-StoryboardUITests";
				PRODUCT_NAME = "$(TARGET_NAME)";
				SWIFT_VERSION = 5.0;
				TEST_TARGET_NAME = GameBattleship_Storyboard;
			};
			name = Debug;
		};
		9E0BABEE238D12C20081D08F /* Release */ = {
			isa = XCBuildConfiguration;
			buildSettings = {
				ALWAYS_EMBED_SWIFT_STANDARD_LIBRARIES = YES;
				CODE_SIGN_STYLE = Automatic;
				COMBINE_HIDPI_IMAGES = YES;
				DEVELOPMENT_TEAM = S5RLMMGU6B;
				INFOPLIST_FILE = GameBattleship_StoryboardUITests/Info.plist;
				LD_RUNPATH_SEARCH_PATHS = (
					"$(inherited)",
					"@executable_path/../Frameworks",
					"@loader_path/../Frameworks",
				);
				PRODUCT_BUNDLE_IDENTIFIER = "pl.pl.pl.GameBattleship-StoryboardUITests";
				PRODUCT_NAME = "$(TARGET_NAME)";
				SWIFT_VERSION = 5.0;
				TEST_TARGET_NAME = GameBattleship_Storyboard;
			};
			name = Release;
		};
/* End XCBuildConfiguration section */

/* Begin XCConfigurationList section */
		9E0BABBB238D12C10081D08F /* Build configuration list for PBXProject "GameBattleship_Storyboard" */ = {
			isa = XCConfigurationList;
			buildConfigurations = (
				9E0BABE4238D12C20081D08F /* Debug */,
				9E0BABE5238D12C20081D08F /* Release */,
			);
			defaultConfigurationIsVisible = 0;
			defaultConfigurationName = Release;
		};
		9E0BABE6238D12C20081D08F /* Build configuration list for PBXNativeTarget "GameBattleship_Storyboard" */ = {
			isa = XCConfigurationList;
			buildConfigurations = (
				9E0BABE7238D12C20081D08F /* Debug */,
				9E0BABE8238D12C20081D08F /* Release */,
			);
			defaultConfigurationIsVisible = 0;
			defaultConfigurationName = Release;
		};
		9E0BABE9238D12C20081D08F /* Build configuration list for PBXNativeTarget "GameBattleship_StoryboardTests" */ = {
			isa = XCConfigurationList;
			buildConfigurations = (
				9E0BABEA238D12C20081D08F /* Debug */,
				9E0BABEB238D12C20081D08F /* Release */,
			);
			defaultConfigurationIsVisible = 0;
			defaultConfigurationName = Release;
		};
		9E0BABEC238D12C20081D08F /* Build configuration list for PBXNativeTarget "GameBattleship_StoryboardUITests" */ = {
			isa = XCConfigurationList;
			buildConfigurations = (
				9E0BABED238D12C20081D08F /* Debug */,
				9E0BABEE238D12C20081D08F /* Release */,
			);
			defaultConfigurationIsVisible = 0;
			defaultConfigurationName = Release;
		};
/* End XCConfigurationList section */
	};
	rootObject = 9E0BABB8238D12C10081D08F /* Project object */;
}
